
Microsoft Visual Studio Solution File, Format Version 11.00
# Visual Studio 2010
Project("{FAE04EC0-301F-11D3-BF4B-00C04F79EFBC}") = "oAuthDotNet", "oAuthDotNet\oAuthDotNet.csproj", "{A96E9E99-4EF5-4D72-820D-6A811018CDEB}"
EndProject
Global
	GlobalSection(SolutionConfigurationPlatforms) = preSolution
		Debug|Any CPU = Debug|Any CPU
		Release|Any CPU = Release|Any CPU
	EndGlobalSection
	GlobalSection(ProjectConfigurationPlatforms) = postSolution
		{A96E9E99-4EF5-4D72-820D-6A811018CDEB}.Debug|Any CPU.ActiveCfg = Debug|Any CPU
		{A96E9E99-4EF5-4D72-820D-6A811018CDEB}.Debug|Any CPU.Build.0 = Debug|Any CPU
		{A96E9E99-4EF5-4D72-820D-6A811018CDEB}.Release|Any CPU.ActiveCfg = Release|Any CPU
		{A96E9E99-4EF5-4D72-820D-6A811018CDEB}.Release|Any CPU.Build.0 = Release|Any CPU
	EndGlobalSection
	GlobalSection(SolutionProperties) = preSolution
		HideSolutionNode = FALSE
	EndGlobalSection
EndGlobal
